// !$*UTF8*$!
{
	archiveVersion = 1;
	classes = {
	};
	objectVersion = 77;
	objects = {

/* Begin PBXContainerItemProxy section */
		04CFA9242CEB2567007BE477 /* PBXContainerItemProxy */ = {
			isa = PBXContainerItemProxy;
			containerPortal = 04CFA90B2CEB2565007BE477 /* Project object */;
			proxyType = 1;
			remoteGlobalIDString = 04CFA9122CEB2565007BE477;
			remoteInfo = iExpenseSwiftData;
		};
		04CFA92E2CEB2567007BE477 /* PBXContainerItemProxy */ = {
			isa = PBXContainerItemProxy;
			containerPortal = 04CFA90B2CEB2565007BE477 /* Project object */;
			proxyType = 1;
			remoteGlobalIDString = 04CFA9122CEB2565007BE477;
			remoteInfo = iExpenseSwiftData;
		};
/* End PBXContainerItemProxy section */

/* Begin PBXFileReference section */
		04CFA9132CEB2565007BE477 /* iExpenseSwiftData.app */ = {isa = PBXFileReference; explicitFileType = wrapper.application; includeInIndex = 0; path = iExpenseSwiftData.app; sourceTree = BUILT_PRODUCTS_DIR; };
		04CFA9232CEB2567007BE477 /* iExpenseSwiftDataTests.xctest */ = {isa = PBXFileReference; explicitFileType = wrapper.cfbundle; includeInIndex = 0; path = iExpenseSwiftDataTests.xctest; sourceTree = BUILT_PRODUCTS_DIR; };
		04CFA92D2CEB2567007BE477 /* iExpenseSwiftDataUITests.xctest */ = {isa = PBXFileReference; explicitFileType = wrapper.cfbundle; includeInIndex = 0; path = iExpenseSwiftDataUITests.xctest; sourceTree = BUILT_PRODUCTS_DIR; };
/* End PBXFileReference section */

/* Begin PBXFileSystemSynchronizedRootGroup section */
		04CFA9152CEB2565007BE477 /* iExpenseSwiftData */ = {
			isa = PBXFileSystemSynchronizedRootGroup;
			path = iExpenseSwiftData;
			sourceTree = "<group>";
		};
		04CFA9262CEB2567007BE477 /* iExpenseSwiftDataTests */ = {
			isa = PBXFileSystemSynchronizedRootGroup;
			path = iExpenseSwiftDataTests;
			sourceTree = "<group>";
		};
		04CFA9302CEB2567007BE477 /* iExpenseSwiftDataUITests */ = {
			isa = PBXFileSystemSynchronizedRootGroup;
			path = iExpenseSwiftDataUITests;
			sourceTree = "<group>";
		};
/* End PBXFileSystemSynchronizedRootGroup section */

/* Begin PBXFrameworksBuildPhase section */
		04CFA9102CEB2565007BE477 /* Frameworks */ = {
			isa = PBXFrameworksBuildPhase;
			buildActionMask = 2147483647;
			files = (
			);
			runOnlyForDeploymentPostprocessing = 0;
		};
		04CFA9202CEB2567007BE477 /* Frameworks */ = {
			isa = PBXFrameworksBuildPhase;
			buildActionMask = 2147483647;
			files = (
			);
			runOnlyForDeploymentPostprocessing = 0;
		};
		04CFA92A2CEB2567007BE477 /* Frameworks */ = {
			isa = PBXFrameworksBuildPhase;
			buildActionMask = 2147483647;
			files = (
			);
			runOnlyForDeploymentPostprocessing = 0;
		};
/* End PBXFrameworksBuildPhase section */

/* Begin PBXGroup section */
		04CFA90A2CEB2565007BE477 = {
			isa = PBXGroup;
			children = (
				04CFA9152CEB2565007BE477 /* iExpenseSwiftData */,
				04CFA9262CEB2567007BE477 /* iExpenseSwiftDataTests */,
				04CFA9302CEB2567007BE477 /* iExpenseSwiftDataUITests */,
				04CFA9142CEB2565007BE477 /* Products */,
			);
			sourceTree = "<group>";
		};
		04CFA9142CEB2565007BE477 /* Products */ = {
			isa = PBXGroup;
			children = (
				04CFA9132CEB2565007BE477 /* iExpenseSwiftData.app */,
				04CFA9232CEB2567007BE477 /* iExpenseSwiftDataTests.xctest */,
				04CFA92D2CEB2567007BE477 /* iExpenseSwiftDataUITests.xctest */,
			);
			name = Products;
			sourceTree = "<group>";
		};
/* End PBXGroup section */

/* Begin PBXNativeTarget section */
		04CFA9122CEB2565007BE477 /* iExpenseSwiftData */ = {
			isa = PBXNativeTarget;
			buildConfigurationList = 04CFA9372CEB2567007BE477 /* Build configuration list for PBXNativeTarget "iExpenseSwiftData" */;
			buildPhases = (
				04CFA90F2CEB2565007BE477 /* Sources */,
				04CFA9102CEB2565007BE477 /* Frameworks */,
				04CFA9112CEB2565007BE477 /* Resources */,
			);
			buildRules = (
			);
			dependencies = (
			);
			fileSystemSynchronizedGroups = (
				04CFA9152CEB2565007BE477 /* iExpenseSwiftData */,
			);
			name = iExpenseSwiftData;
			packageProductDependencies = (
			);
			productName = iExpenseSwiftData;
			productReference = 04CFA9132CEB2565007BE477 /* iExpenseSwiftData.app */;
			productType = "com.apple.product-type.application";
		};
		04CFA9222CEB2567007BE477 /* iExpenseSwiftDataTests */ = {
			isa = PBXNativeTarget;
			buildConfigurationList = 04CFA93A2CEB2567007BE477 /* Build configuration list for PBXNativeTarget "iExpenseSwiftDataTests" */;
			buildPhases = (
				04CFA91F2CEB2567007BE477 /* Sources */,
				04CFA9202CEB2567007BE477 /* Frameworks */,
				04CFA9212CEB2567007BE477 /* Resources */,
			);
			buildRules = (
			);
			dependencies = (
				04CFA9252CEB2567007BE477 /* PBXTargetDependency */,
			);
			fileSystemSynchronizedGroups = (
				04CFA9262CEB2567007BE477 /* iExpenseSwiftDataTests */,
			);
			name = iExpenseSwiftDataTests;
			packageProductDependencies = (
			);
			productName = iExpenseSwiftDataTests;
			productReference = 04CFA9232CEB2567007BE477 /* iExpenseSwiftDataTests.xctest */;
			productType = "com.apple.product-type.bundle.unit-test";
		};
		04CFA92C2CEB2567007BE477 /* iExpenseSwiftDataUITests */ = {
			isa = PBXNativeTarget;
			buildConfigurationList = 04CFA93D2CEB2567007BE477 /* Build configuration list for PBXNativeTarget "iExpenseSwiftDataUITests" */;
			buildPhases = (
				04CFA9292CEB2567007BE477 /* Sources */,
				04CFA92A2CEB2567007BE477 /* Frameworks */,
				04CFA92B2CEB2567007BE477 /* Resources */,
			);
			buildRules = (
			);
			dependencies = (
				04CFA92F2CEB2567007BE477 /* PBXTargetDependency */,
			);
			fileSystemSynchronizedGroups = (
				04CFA9302CEB2567007BE477 /* iExpenseSwiftDataUITests */,
			);
			name = iExpenseSwiftDataUITests;
			packageProductDependencies = (
			);
			productName = iExpenseSwiftDataUITests;
			productReference = 04CFA92D2CEB2567007BE477 /* iExpenseSwiftDataUITests.xctest */;
			productType = "com.apple.product-type.bundle.ui-testing";
		};
/* End PBXNativeTarget section */

/* Begin PBXProject section */
		04CFA90B2CEB2565007BE477 /* Project object */ = {
			isa = PBXProject;
			attributes = {
				BuildIndependentTargetsInParallel = 1;
				LastSwiftUpdateCheck = 1600;
				LastUpgradeCheck = 1600;
				TargetAttributes = {
					04CFA9122CEB2565007BE477 = {
						CreatedOnToolsVersion = 16.0;
					};
					04CFA9222CEB2567007BE477 = {
						CreatedOnToolsVersion = 16.0;
						TestTargetID = 04CFA9122CEB2565007BE477;
					};
					04CFA92C2CEB2567007BE477 = {
						CreatedOnToolsVersion = 16.0;
						TestTargetID = 04CFA9122CEB2565007BE477;
					};
				};
			};
			buildConfigurationList = 04CFA90E2CEB2565007BE477 /* Build configuration list for PBXProject "iExpenseSwiftData" */;
			developmentRegion = en;
			hasScannedForEncodings = 0;
			knownRegions = (
				en,
				Base,
			);
			mainGroup = 04CFA90A2CEB2565007BE477;
			minimizedProjectReferenceProxies = 1;
			preferredProjectObjectVersion = 77;
			productRefGroup = 04CFA9142CEB2565007BE477 /* Products */;
			projectDirPath = "";
			projectRoot = "";
			targets = (
				04CFA9122CEB2565007BE477 /* iExpenseSwiftData */,
				04CFA9222CEB2567007BE477 /* iExpenseSwiftDataTests */,
				04CFA92C2CEB2567007BE477 /* iExpenseSwiftDataUITests */,
			);
		};
/* End PBXProject section */

/* Begin PBXResourcesBuildPhase section */
		04CFA9112CEB2565007BE477 /* Resources */ = {
			isa = PBXResourcesBuildPhase;
			buildActionMask = 2147483647;
			files = (
			);
			runOnlyForDeploymentPostprocessing = 0;
		};
		04CFA9212CEB2567007BE477 /* Resources */ = {
			isa = PBXResourcesBuildPhase;
			buildActionMask = 2147483647;
			files = (
			);
			runOnlyForDeploymentPostprocessing = 0;
		};
		04CFA92B2CEB2567007BE477 /* Resources */ = {
			isa = PBXResourcesBuildPhase;
			buildActionMask = 2147483647;
			files = (
			);
			runOnlyForDeploymentPostprocessing = 0;
		};
/* End PBXResourcesBuildPhase section */

/* Begin PBXSourcesBuildPhase section */
		04CFA90F2CEB2565007BE477 /* Sources */ = {
			isa = PBXSourcesBuildPhase;
			buildActionMask = 2147483647;
			files = (
			);
			runOnlyForDeploymentPostprocessing = 0;
		};
		04CFA91F2CEB2567007BE477 /* Sources */ = {
			isa = PBXSourcesBuildPhase;
			buildActionMask = 2147483647;
			files = (
			);
			runOnlyForDeploymentPostprocessing = 0;
		};
		04CFA9292CEB2567007BE477 /* Sources */ = {
			isa = PBXSourcesBuildPhase;
			buildActionMask = 2147483647;
			files = (
			);
			runOnlyForDeploymentPostprocessing = 0;
		};
/* End PBXSourcesBuildPhase section */

/* Begin PBXTargetDependency section */
		04CFA9252CEB2567007BE477 /* PBXTargetDependency */ = {
			isa = PBXTargetDependency;
			target = 04CFA9122CEB2565007BE477 /* iExpenseSwiftData */;
			targetProxy = 04CFA9242CEB2567007BE477 /* PBXContainerItemProxy */;
		};
		04CFA92F2CEB2567007BE477 /* PBXTargetDependency */ = {
			isa = PBXTargetDependency;
			target = 04CFA9122CEB2565007BE477 /* iExpenseSwiftData */;
			targetProxy = 04CFA92E2CEB2567007BE477 /* PBXContainerItemProxy */;
		};
/* End PBXTargetDependency section */

/* Begin XCBuildConfiguration section */
		04CFA9352CEB2567007BE477 /* Debug */ = {
			isa = XCBuildConfiguration;
			buildSettings = {
				ALWAYS_SEARCH_USER_PATHS = NO;
				ASSETCATALOG_COMPILER_GENERATE_SWIFT_ASSET_SYMBOL_EXTENSIONS = YES;
				CLANG_ANALYZER_NONNULL = YES;
				CLANG_ANALYZER_NUMBER_OBJECT_CONVERSION = YES_AGGRESSIVE;
				CLANG_CXX_LANGUAGE_STANDARD = "gnu++20";
				CLANG_ENABLE_MODULES = YES;
				CLANG_ENABLE_OBJC_ARC = YES;
				CLANG_ENABLE_OBJC_WEAK = YES;
				CLANG_WARN_BLOCK_CAPTURE_AUTORELEASING = YES;
				CLANG_WARN_BOOL_CONVERSION = YES;
				CLANG_WARN_COMMA = YES;
				CLANG_WARN_CONSTANT_CONVERSION = YES;
				CLANG_WARN_DEPRECATED_OBJC_IMPLEMENTATIONS = YES;
				CLANG_WARN_DIRECT_OBJC_ISA_USAGE = YES_ERROR;
				CLANG_WARN_DOCUMENTATION_COMMENTS = YES;
				CLANG_WARN_EMPTY_BODY = YES;
				CLANG_WARN_ENUM_CONVERSION = YES;
				CLANG_WARN_INFINITE_RECURSION = YES;
				CLANG_WARN_INT_CONVERSION = YES;
				CLANG_WARN_NON_LITERAL_NULL_CONVERSION = YES;
				CLANG_WARN_OBJC_IMPLICIT_RETAIN_SELF = YES;
				CLANG_WARN_OBJC_LITERAL_CONVERSION = YES;
				CLANG_WARN_OBJC_ROOT_CLASS = YES_ERROR;
				CLANG_WARN_QUOTED_INCLUDE_IN_FRAMEWORK_HEADER = YES;
				CLANG_WARN_RANGE_LOOP_ANALYSIS = YES;
				CLANG_WARN_STRICT_PROTOTYPES = YES;
				CLANG_WARN_SUSPICIOUS_MOVE = YES;
				CLANG_WARN_UNGUARDED_AVAILABILITY = YES_AGGRESSIVE;
				CLANG_WARN_UNREACHABLE_CODE = YES;
				CLANG_WARN__DUPLICATE_METHOD_MATCH = YES;
				COPY_PHASE_STRIP = NO;
				DEBUG_INFORMATION_FORMAT = dwarf;
				ENABLE_STRICT_OBJC_MSGSEND = YES;
				ENABLE_TESTABILITY = YES;
				ENABLE_USER_SCRIPT_SANDBOXING = YES;
				GCC_C_LANGUAGE_STANDARD = gnu17;
				GCC_DYNAMIC_NO_PIC = NO;
				GCC_NO_COMMON_BLOCKS = YES;
				GCC_OPTIMIZATION_LEVEL = 0;
				GCC_PREPROCESSOR_DEFINITIONS = (
					"DEBUG=1",
					"$(inherited)",
				);
				GCC_WARN_64_TO_32_BIT_CONVERSION = YES;
				GCC_WARN_ABOUT_RETURN_TYPE = YES_ERROR;
				GCC_WARN_UNDECLARED_SELECTOR = YES;
				GCC_WARN_UNINITIALIZED_AUTOS = YES_AGGRESSIVE;
				GCC_WARN_UNUSED_FUNCTION = YES;
				GCC_WARN_UNUSED_VARIABLE = YES;
				IPHONEOS_DEPLOYMENT_TARGET = 18.0;
				LOCALIZATION_PREFERS_STRING_CATALOGS = YES;
				MTL_ENABLE_DEBUG_INFO = INCLUDE_SOURCE;
				MTL_FAST_MATH = YES;
				ONLY_ACTIVE_ARCH = YES;
				SDKROOT = iphoneos;
				SWIFT_ACTIVE_COMPILATION_CONDITIONS = "DEBUG $(inherited)";
				SWIFT_OPTIMIZATION_LEVEL = "-Onone";
			};
			name = Debug;
		};
		04CFA9362CEB2567007BE477 /* Release */ = {
			isa = XCBuildConfiguration;
			buildSettings = {
				ALWAYS_SEARCH_USER_PATHS = NO;
				ASSETCATALOG_COMPILER_GENERATE_SWIFT_ASSET_SYMBOL_EXTENSIONS = YES;
				CLANG_ANALYZER_NONNULL = YES;
				CLANG_ANALYZER_NUMBER_OBJECT_CONVERSION = YES_AGGRESSIVE;
				CLANG_CXX_LANGUAGE_STANDARD = "gnu++20";
				CLANG_ENABLE_MODULES = YES;
				CLANG_ENABLE_OBJC_ARC = YES;
				CLANG_ENABLE_OBJC_WEAK = YES;
				CLANG_WARN_BLOCK_CAPTURE_AUTORELEASING = YES;
				CLANG_WARN_BOOL_CONVERSION = YES;
				CLANG_WARN_COMMA = YES;
				CLANG_WARN_CONSTANT_CONVERSION = YES;
				CLANG_WARN_DEPRECATED_OBJC_IMPLEMENTATIONS = YES;
				CLANG_WARN_DIRECT_OBJC_ISA_USAGE = YES_ERROR;
				CLANG_WARN_DOCUMENTATION_COMMENTS = YES;
				CLANG_WARN_EMPTY_BODY = YES;
				CLANG_WARN_ENUM_CONVERSION = YES;
				CLANG_WARN_INFINITE_RECURSION = YES;
				CLANG_WARN_INT_CONVERSION = YES;
				CLANG_WARN_NON_LITERAL_NULL_CONVERSION = YES;
				CLANG_WARN_OBJC_IMPLICIT_RETAIN_SELF = YES;
				CLANG_WARN_OBJC_LITERAL_CONVERSION = YES;
				CLANG_WARN_OBJC_ROOT_CLASS = YES_ERROR;
				CLANG_WARN_QUOTED_INCLUDE_IN_FRAMEWORK_HEADER = YES;
				CLANG_WARN_RANGE_LOOP_ANALYSIS = YES;
				CLANG_WARN_STRICT_PROTOTYPES = YES;
				CLANG_WARN_SUSPICIOUS_MOVE = YES;
				CLANG_WARN_UNGUARDED_AVAILABILITY = YES_AGGRESSIVE;
				CLANG_WARN_UNREACHABLE_CODE = YES;
				CLANG_WARN__DUPLICATE_METHOD_MATCH = YES;
				COPY_PHASE_STRIP = NO;
				DEBUG_INFORMATION_FORMAT = "dwarf-with-dsym";
				ENABLE_NS_ASSERTIONS = NO;
				ENABLE_STRICT_OBJC_MSGSEND = YES;
				ENABLE_USER_SCRIPT_SANDBOXING = YES;
				GCC_C_LANGUAGE_STANDARD = gnu17;
				GCC_NO_COMMON_BLOCKS = YES;
				GCC_WARN_64_TO_32_BIT_CONVERSION = YES;
				GCC_WARN_ABOUT_RETURN_TYPE = YES_ERROR;
				GCC_WARN_UNDECLARED_SELECTOR = YES;
				GCC_WARN_UNINITIALIZED_AUTOS = YES_AGGRESSIVE;
				GCC_WARN_UNUSED_FUNCTION = YES;
				GCC_WARN_UNUSED_VARIABLE = YES;
				IPHONEOS_DEPLOYMENT_TARGET = 18.0;
				LOCALIZATION_PREFERS_STRING_CATALOGS = YES;
				MTL_ENABLE_DEBUG_INFO = NO;
				MTL_FAST_MATH = YES;
				SDKROOT = iphoneos;
				SWIFT_COMPILATION_MODE = wholemodule;
				VALIDATE_PRODUCT = YES;
			};
			name = Release;
		};
		04CFA9382CEB2567007BE477 /* Debug */ = {
			isa = XCBuildConfiguration;
			buildSettings = {
				ASSETCATALOG_COMPILER_APPICON_NAME = AppIcon;
				ASSETCATALOG_COMPILER_GLOBAL_ACCENT_COLOR_NAME = AccentColor;
				CODE_SIGN_STYLE = Automatic;
				CURRENT_PROJECT_VERSION = 1;
				DEVELOPMENT_ASSET_PATHS = "\"iExpenseSwiftData/Preview Content\"";
				ENABLE_PREVIEWS = YES;
				GENERATE_INFOPLIST_FILE = YES;
				INFOPLIST_KEY_UIApplicationSceneManifest_Generation = YES;
				INFOPLIST_KEY_UIApplicationSupportsIndirectInputEvents = YES;
				INFOPLIST_KEY_UILaunchScreen_Generation = YES;
				INFOPLIST_KEY_UISupportedInterfaceOrientations_iPad = "UIInterfaceOrientationPortrait UIInterfaceOrientationPortraitUpsideDown UIInterfaceOrientationLandscapeLeft UIInterfaceOrientationLandscapeRight";
				INFOPLIST_KEY_UISupportedInterfaceOrientations_iPhone = "UIInterfaceOrientationPortrait UIInterfaceOrientationLandscapeLeft UIInterfaceOrientationLandscapeRight";
				LD_RUNPATH_SEARCH_PATHS = (
					"$(inherited)",
					"@executable_path/Frameworks",
				);
				MARKETING_VERSION = 1.0;
				PRODUCT_BUNDLE_IDENTIFIER = com.example.iExpenseSwiftData;
				PRODUCT_NAME = "$(TARGET_NAME)";
				SWIFT_EMIT_LOC_STRINGS = YES;
				SWIFT_VERSION = 5.0;
				TARGETED_DEVICE_FAMILY = "1,2";
			};
			name = Debug;
		};
		04CFA9392CEB2567007BE477 /* Release */ = {
			isa = XCBuildConfiguration;
			buildSettings = {
				ASSETCATALOG_COMPILER_APPICON_NAME = AppIcon;
				ASSETCATALOG_COMPILER_GLOBAL_ACCENT_COLOR_NAME = AccentColor;
				CODE_SIGN_STYLE = Automatic;
				CURRENT_PROJECT_VERSION = 1;
				DEVELOPMENT_ASSET_PATHS = "\"iExpenseSwiftData/Preview Content\"";
				ENABLE_PREVIEWS = YES;
				GENERATE_INFOPLIST_FILE = YES;
				INFOPLIST_KEY_UIApplicationSceneManifest_Generation = YES;
				INFOPLIST_KEY_UIApplicationSupportsIndirectInputEvents = YES;
				INFOPLIST_KEY_UILaunchScreen_Generation = YES;
				INFOPLIST_KEY_UISupportedInterfaceOrientations_iPad = "UIInterfaceOrientationPortrait UIInterfaceOrientationPortraitUpsideDown UIInterfaceOrientationLandscapeLeft UIInterfaceOrientationLandscapeRight";
				INFOPLIST_KEY_UISupportedInterfaceOrientations_iPhone = "UIInterfaceOrientationPortrait UIInterfaceOrientationLandscapeLeft UIInterfaceOrientationLandscapeRight";
				LD_RUNPATH_SEARCH_PATHS = (
					"$(inherited)",
					"@executable_path/Frameworks",
				);
				MARKETING_VERSION = 1.0;
				PRODUCT_BUNDLE_IDENTIFIER = com.example.iExpenseSwiftData;
				PRODUCT_NAME = "$(TARGET_NAME)";
				SWIFT_EMIT_LOC_STRINGS = YES;
				SWIFT_VERSION = 5.0;
				TARGETED_DEVICE_FAMILY = "1,2";
			};
			name = Release;
		};
		04CFA93B2CEB2567007BE477 /* Debug */ = {
			isa = XCBuildConfiguration;
			buildSettings = {
				BUNDLE_LOADER = "$(TEST_HOST)";
				CODE_SIGN_STYLE = Automatic;
				CURRENT_PROJECT_VERSION = 1;
				GENERATE_INFOPLIST_FILE = YES;
				IPHONEOS_DEPLOYMENT_TARGET = 18.0;
				MARKETING_VERSION = 1.0;
				PRODUCT_BUNDLE_IDENTIFIER = com.example.iExpenseSwiftDataTests;
				PRODUCT_NAME = "$(TARGET_NAME)";
				SWIFT_EMIT_LOC_STRINGS = NO;
				SWIFT_VERSION = 5.0;
				TARGETED_DEVICE_FAMILY = "1,2";
				TEST_HOST = "$(BUILT_PRODUCTS_DIR)/iExpenseSwiftData.app/$(BUNDLE_EXECUTABLE_FOLDER_PATH)/iExpenseSwiftData";
			};
			name = Debug;
		};
		04CFA93C2CEB2567007BE477 /* Release */ = {
			isa = XCBuildConfiguration;
			buildSettings = {
				BUNDLE_LOADER = "$(TEST_HOST)";
				CODE_SIGN_STYLE = Automatic;
				CURRENT_PROJECT_VERSION = 1;
				GENERATE_INFOPLIST_FILE = YES;
				IPHONEOS_DEPLOYMENT_TARGET = 18.0;
				MARKETING_VERSION = 1.0;
				PRODUCT_BUNDLE_IDENTIFIER = com.example.iExpenseSwiftDataTests;
				PRODUCT_NAME = "$(TARGET_NAME)";
				SWIFT_EMIT_LOC_STRINGS = NO;
				SWIFT_VERSION = 5.0;
				TARGETED_DEVICE_FAMILY = "1,2";
				TEST_HOST = "$(BUILT_PRODUCTS_DIR)/iExpenseSwiftData.app/$(BUNDLE_EXECUTABLE_FOLDER_PATH)/iExpenseSwiftData";
			};
			name = Release;
		};
		04CFA93E2CEB2567007BE477 /* Debug */ = {
			isa = XCBuildConfiguration;
			buildSettings = {
				CODE_SIGN_STYLE = Automatic;
				CURRENT_PROJECT_VERSION = 1;
				GENERATE_INFOPLIST_FILE = YES;
				MARKETING_VERSION = 1.0;
				PRODUCT_BUNDLE_IDENTIFIER = com.example.iExpenseSwiftDataUITests;
				PRODUCT_NAME = "$(TARGET_NAME)";
				SWIFT_EMIT_LOC_STRINGS = NO;
				SWIFT_VERSION = 5.0;
				TARGETED_DEVICE_FAMILY = "1,2";
				TEST_TARGET_NAME = iExpenseSwiftData;
			};
			name = Debug;
		};
		04CFA93F2CEB2567007BE477 /* Release */ = {
			isa = XCBuildConfiguration;
			buildSettings = {
				CODE_SIGN_STYLE = Automatic;
				CURRENT_PROJECT_VERSION = 1;
				GENERATE_INFOPLIST_FILE = YES;
				MARKETING_VERSION = 1.0;
				PRODUCT_BUNDLE_IDENTIFIER = com.example.iExpenseSwiftDataUITests;
				PRODUCT_NAME = "$(TARGET_NAME)";
				SWIFT_EMIT_LOC_STRINGS = NO;
				SWIFT_VERSION = 5.0;
				TARGETED_DEVICE_FAMILY = "1,2";
				TEST_TARGET_NAME = iExpenseSwiftData;
			};
			name = Release;
		};
/* End XCBuildConfiguration section */

/* Begin XCConfigurationList section */
		04CFA90E2CEB2565007BE477 /* Build configuration list for PBXProject "iExpenseSwiftData" */ = {
			isa = XCConfigurationList;
			buildConfigurations = (
				04CFA9352CEB2567007BE477 /* Debug */,
				04CFA9362CEB2567007BE477 /* Release */,
			);
			defaultConfigurationIsVisible = 0;
			defaultConfigurationName = Release;
		};
		04CFA9372CEB2567007BE477 /* Build configuration list for PBXNativeTarget "iExpenseSwiftData" */ = {
			isa = XCConfigurationList;
			buildConfigurations = (
				04CFA9382CEB2567007BE477 /* Debug */,
				04CFA9392CEB2567007BE477 /* Release */,
			);
			defaultConfigurationIsVisible = 0;
			defaultConfigurationName = Release;
		};
		04CFA93A2CEB2567007BE477 /* Build configuration list for PBXNativeTarget "iExpenseSwiftDataTests" */ = {
			isa = XCConfigurationList;
			buildConfigurations = (
				04CFA93B2CEB2567007BE477 /* Debug */,
				04CFA93C2CEB2567007BE477 /* Release */,
			);
			defaultConfigurationIsVisible = 0;
			defaultConfigurationName = Release;
		};
		04CFA93D2CEB2567007BE477 /* Build configuration list for PBXNativeTarget "iExpenseSwiftDataUITests" */ = {
			isa = XCConfigurationList;
			buildConfigurations = (
				04CFA93E2CEB2567007BE477 /* Debug */,
				04CFA93F2CEB2567007BE477 /* Release */,
			);
			defaultConfigurationIsVisible = 0;
			defaultConfigurationName = Release;
		};
/* End XCConfigurationList section */
	};
	rootObject = 04CFA90B2CEB2565007BE477 /* Project object */;
}
